// !$*UTF8*$!
{
	archiveVersion = 1;
	classes = {
	};
	objectVersion = 77;
	objects = {

/* Begin PBXBuildFile section */
		ABAECF882F0DBF4900DDD4E2 /* Sparkle in Frameworks */ = {isa = PBXBuildFile; productRef = ABAECF872F0DBF4900DDD4E2 /* Sparkle */; };
		ABAECF8B2F0FBD0700DDD4E2 /* GoogleSignIn in Frameworks */ = {isa = PBXBuildFile; productRef = ABAECF8A2F0FBD0700DDD4E2 /* GoogleSignIn */; };
		ABAECF8D2F0FBD0700DDD4E2 /* GoogleSignInSwift in Frameworks */ = {isa = PBXBuildFile; productRef = ABAECF8C2F0FBD0700DDD4E2 /* GoogleSignInSwift */; };
/* End PBXBuildFile section */

/* Begin PBXContainerItemProxy section */
		AB433D302EEF722500534A32 /* PBXContainerItemProxy */ = {
			isa = PBXContainerItemProxy;
			containerPortal = AB433D142EEF722400534A32 /* Project object */;
			proxyType = 1;
			remoteGlobalIDString = AB433D1B2EEF722400534A32;
			remoteInfo = rawctl;
		};
		AB433D3A2EEF722500534A32 /* PBXContainerItemProxy */ = {
			isa = PBXContainerItemProxy;
			containerPortal = AB433D142EEF722400534A32 /* Project object */;
			proxyType = 1;
			remoteGlobalIDString = AB433D1B2EEF722400534A32;
			remoteInfo = rawctl;
		};
/* End PBXContainerItemProxy section */

	/* Begin PBXFileReference section */
			AB433D1C2EEF722400534A32 /* rawctl.app */ = {isa = PBXFileReference; explicitFileType = wrapper.application; includeInIndex = 0; path = rawctl.app; sourceTree = BUILT_PRODUCTS_DIR; };
			AB433D2F2EEF722500534A32 /* rawctlTests.xctest */ = {isa = PBXFileReference; explicitFileType = wrapper.cfbundle; includeInIndex = 0; path = rawctlTests.xctest; sourceTree = BUILT_PRODUCTS_DIR; };
			AB433D392EEF722500534A32 /* rawctlUITests.xctest */ = {isa = PBXFileReference; explicitFileType = wrapper.cfbundle; includeInIndex = 0; path = rawctlUITests.xctest; sourceTree = BUILT_PRODUCTS_DIR; };
	/* End PBXFileReference section */

/* Begin PBXFileSystemSynchronizedRootGroup section */
		AB433D1E2EEF722400534A32 /* rawctl */ = {
			isa = PBXFileSystemSynchronizedRootGroup;
			path = rawctl;
			sourceTree = "<group>";
		};
		AB433D322EEF722500534A32 /* rawctlTests */ = {
			isa = PBXFileSystemSynchronizedRootGroup;
			path = rawctlTests;
			sourceTree = "<group>";
		};
		AB433D3C2EEF722500534A32 /* rawctlUITests */ = {
			isa = PBXFileSystemSynchronizedRootGroup;
			path = rawctlUITests;
			sourceTree = "<group>";
		};
/* End PBXFileSystemSynchronizedRootGroup section */

/* Begin PBXFrameworksBuildPhase section */
		AB433D192EEF722400534A32 /* Frameworks */ = {
			isa = PBXFrameworksBuildPhase;
			buildActionMask = 2147483647;
			files = (
				ABAECF8D2F0FBD0700DDD4E2 /* GoogleSignInSwift in Frameworks */,
				ABAECF882F0DBF4900DDD4E2 /* Sparkle in Frameworks */,
				ABAECF8B2F0FBD0700DDD4E2 /* GoogleSignIn in Frameworks */,
			);
			runOnlyForDeploymentPostprocessing = 0;
		};
		AB433D2C2EEF722500534A32 /* Frameworks */ = {
			isa = PBXFrameworksBuildPhase;
			buildActionMask = 2147483647;
			files = (
			);
			runOnlyForDeploymentPostprocessing = 0;
		};
		AB433D362EEF722500534A32 /* Frameworks */ = {
			isa = PBXFrameworksBuildPhase;
			buildActionMask = 2147483647;
			files = (
			);
			runOnlyForDeploymentPostprocessing = 0;
		};
/* End PBXFrameworksBuildPhase section */

	/* Begin PBXGroup section */
			AB433D132EEF722400534A32 = {
				isa = PBXGroup;
				children = (
					AB433D1E2EEF722400534A32 /* rawctl */,
				AB433D322EEF722500534A32 /* rawctlTests */,
				AB433D3C2EEF722500534A32 /* rawctlUITests */,
				AB433D1D2EEF722400534A32 /* Products */,
			);
			sourceTree = "<group>";
		};
		AB433D1D2EEF722400534A32 /* Products */ = {
			isa = PBXGroup;
			children = (
				AB433D1C2EEF722400534A32 /* rawctl.app */,
				AB433D2F2EEF722500534A32 /* rawctlTests.xctest */,
				AB433D392EEF722500534A32 /* rawctlUITests.xctest */,
			);
			name = Products;
			sourceTree = "<group>";
		};
/* End PBXGroup section */

/* Begin PBXNativeTarget section */
		AB433D1B2EEF722400534A32 /* rawctl */ = {
			isa = PBXNativeTarget;
			buildConfigurationList = AB433D432EEF722500534A32 /* Build configuration list for PBXNativeTarget "rawctl" */;
			buildPhases = (
				AB433D182EEF722400534A32 /* Sources */,
				AB433D192EEF722400534A32 /* Frameworks */,
				AB433D1A2EEF722400534A32 /* Resources */,
			);
			buildRules = (
			);
			dependencies = (
			);
			fileSystemSynchronizedGroups = (
				AB433D1E2EEF722400534A32 /* rawctl */,
			);
			name = rawctl;
			packageProductDependencies = (
				ABAECF872F0DBF4900DDD4E2 /* Sparkle */,
				ABAECF8A2F0FBD0700DDD4E2 /* GoogleSignIn */,
				ABAECF8C2F0FBD0700DDD4E2 /* GoogleSignInSwift */,
			);
			productName = rawctl;
			productReference = AB433D1C2EEF722400534A32 /* rawctl.app */;
			productType = "com.apple.product-type.application";
		};
		AB433D2E2EEF722500534A32 /* rawctlTests */ = {
			isa = PBXNativeTarget;
			buildConfigurationList = AB433D462EEF722500534A32 /* Build configuration list for PBXNativeTarget "rawctlTests" */;
			buildPhases = (
				AB433D2B2EEF722500534A32 /* Sources */,
				AB433D2C2EEF722500534A32 /* Frameworks */,
				AB433D2D2EEF722500534A32 /* Resources */,
			);
			buildRules = (
			);
			dependencies = (
				AB433D312EEF722500534A32 /* PBXTargetDependency */,
			);
			fileSystemSynchronizedGroups = (
				AB433D322EEF722500534A32 /* rawctlTests */,
			);
			name = rawctlTests;
			packageProductDependencies = (
			);
			productName = rawctlTests;
			productReference = AB433D2F2EEF722500534A32 /* rawctlTests.xctest */;
			productType = "com.apple.product-type.bundle.unit-test";
		};
		AB433D382EEF722500534A32 /* rawctlUITests */ = {
			isa = PBXNativeTarget;
			buildConfigurationList = AB433D492EEF722500534A32 /* Build configuration list for PBXNativeTarget "rawctlUITests" */;
			buildPhases = (
				AB433D352EEF722500534A32 /* Sources */,
				AB433D362EEF722500534A32 /* Frameworks */,
				AB433D372EEF722500534A32 /* Resources */,
			);
			buildRules = (
			);
			dependencies = (
				AB433D3B2EEF722500534A32 /* PBXTargetDependency */,
			);
			fileSystemSynchronizedGroups = (
				AB433D3C2EEF722500534A32 /* rawctlUITests */,
			);
			name = rawctlUITests;
			packageProductDependencies = (
			);
			productName = rawctlUITests;
			productReference = AB433D392EEF722500534A32 /* rawctlUITests.xctest */;
			productType = "com.apple.product-type.bundle.ui-testing";
		};
/* End PBXNativeTarget section */

/* Begin PBXProject section */
		AB433D142EEF722400534A32 /* Project object */ = {
			isa = PBXProject;
			attributes = {
				BuildIndependentTargetsInParallel = 1;
				LastSwiftUpdateCheck = 1630;
				LastUpgradeCheck = 1630;
				TargetAttributes = {
					AB433D1B2EEF722400534A32 = {
						CreatedOnToolsVersion = 16.3;
					};
					AB433D2E2EEF722500534A32 = {
						CreatedOnToolsVersion = 16.3;
						TestTargetID = AB433D1B2EEF722400534A32;
					};
					AB433D382EEF722500534A32 = {
						CreatedOnToolsVersion = 16.3;
						TestTargetID = AB433D1B2EEF722400534A32;
					};
				};
			};
			buildConfigurationList = AB433D172EEF722400534A32 /* Build configuration list for PBXProject "rawctl" */;
			developmentRegion = en;
			hasScannedForEncodings = 0;
			knownRegions = (
				en,
				Base,
			);
			mainGroup = AB433D132EEF722400534A32;
			minimizedProjectReferenceProxies = 1;
			packageReferences = (
				ABAECF862F0DBF4900DDD4E2 /* XCRemoteSwiftPackageReference "Sparkle" */,
				ABAECF892F0FBD0700DDD4E2 /* XCRemoteSwiftPackageReference "GoogleSignIn-iOS" */,
			);
				preferredProjectObjectVersion = 77;
				productRefGroup = AB433D1D2EEF722400534A32 /* Products */;
				projectDirPath = "";
				projectRoot = "";
				targets = (
					AB433D1B2EEF722400534A32 /* rawctl */,
					AB433D2E2EEF722500534A32 /* rawctlTests */,
					AB433D382EEF722500534A32 /* rawctlUITests */,
			);
		};
/* End PBXProject section */

/* Begin PBXResourcesBuildPhase section */
		AB433D1A2EEF722400534A32 /* Resources */ = {
			isa = PBXResourcesBuildPhase;
			buildActionMask = 2147483647;
			files = (
			);
			runOnlyForDeploymentPostprocessing = 0;
		};
		AB433D2D2EEF722500534A32 /* Resources */ = {
			isa = PBXResourcesBuildPhase;
			buildActionMask = 2147483647;
			files = (
			);
			runOnlyForDeploymentPostprocessing = 0;
		};
		AB433D372EEF722500534A32 /* Resources */ = {
			isa = PBXResourcesBuildPhase;
			buildActionMask = 2147483647;
			files = (
			);
			runOnlyForDeploymentPostprocessing = 0;
		};
/* End PBXResourcesBuildPhase section */

/* Begin PBXSourcesBuildPhase section */
		AB433D182EEF722400534A32 /* Sources */ = {
			isa = PBXSourcesBuildPhase;
			buildActionMask = 2147483647;
			files = (
			);
			runOnlyForDeploymentPostprocessing = 0;
		};
		AB433D2B2EEF722500534A32 /* Sources */ = {
			isa = PBXSourcesBuildPhase;
			buildActionMask = 2147483647;
			files = (
			);
			runOnlyForDeploymentPostprocessing = 0;
		};
		AB433D352EEF722500534A32 /* Sources */ = {
			isa = PBXSourcesBuildPhase;
			buildActionMask = 2147483647;
			files = (
			);
			runOnlyForDeploymentPostprocessing = 0;
		};
/* End PBXSourcesBuildPhase section */

/* Begin PBXTargetDependency section */
		AB433D312EEF722500534A32 /* PBXTargetDependency */ = {
			isa = PBXTargetDependency;
			target = AB433D1B2EEF722400534A32 /* rawctl */;
			targetProxy = AB433D302EEF722500534A32 /* PBXContainerItemProxy */;
		};
		AB433D3B2EEF722500534A32 /* PBXTargetDependency */ = {
			isa = PBXTargetDependency;
			target = AB433D1B2EEF722400534A32 /* rawctl */;
			targetProxy = AB433D3A2EEF722500534A32 /* PBXContainerItemProxy */;
		};
/* End PBXTargetDependency section */

/* Begin XCBuildConfiguration section */
		AB433D412EEF722500534A32 /* Debug */ = {
			isa = XCBuildConfiguration;
			buildSettings = {
				ALWAYS_SEARCH_USER_PATHS = NO;
				ASSETCATALOG_COMPILER_GENERATE_SWIFT_ASSET_SYMBOL_EXTENSIONS = YES;
				CLANG_ANALYZER_NONNULL = YES;
				CLANG_ANALYZER_NUMBER_OBJECT_CONVERSION = YES_AGGRESSIVE;
				CLANG_CXX_LANGUAGE_STANDARD = "gnu++20";
				CLANG_ENABLE_MODULES = YES;
				CLANG_ENABLE_OBJC_ARC = YES;
				CLANG_ENABLE_OBJC_WEAK = YES;
				CLANG_WARN_BLOCK_CAPTURE_AUTORELEASING = YES;
				CLANG_WARN_BOOL_CONVERSION = YES;
				CLANG_WARN_COMMA = YES;
				CLANG_WARN_CONSTANT_CONVERSION = YES;
				CLANG_WARN_DEPRECATED_OBJC_IMPLEMENTATIONS = YES;
				CLANG_WARN_DIRECT_OBJC_ISA_USAGE = YES_ERROR;
				CLANG_WARN_DOCUMENTATION_COMMENTS = YES;
				CLANG_WARN_EMPTY_BODY = YES;
				CLANG_WARN_ENUM_CONVERSION = YES;
				CLANG_WARN_INFINITE_RECURSION = YES;
				CLANG_WARN_INT_CONVERSION = YES;
				CLANG_WARN_NON_LITERAL_NULL_CONVERSION = YES;
				CLANG_WARN_OBJC_IMPLICIT_RETAIN_SELF = YES;
				CLANG_WARN_OBJC_LITERAL_CONVERSION = YES;
				CLANG_WARN_OBJC_ROOT_CLASS = YES_ERROR;
				CLANG_WARN_QUOTED_INCLUDE_IN_FRAMEWORK_HEADER = YES;
				CLANG_WARN_RANGE_LOOP_ANALYSIS = YES;
				CLANG_WARN_STRICT_PROTOTYPES = YES;
				CLANG_WARN_SUSPICIOUS_MOVE = YES;
				CLANG_WARN_UNGUARDED_AVAILABILITY = YES_AGGRESSIVE;
				CLANG_WARN_UNREACHABLE_CODE = YES;
				CLANG_WARN__DUPLICATE_METHOD_MATCH = YES;
				COPY_PHASE_STRIP = NO;
				DEBUG_INFORMATION_FORMAT = dwarf;
				DEVELOPMENT_TEAM = DTR8DL89SD;
				ENABLE_STRICT_OBJC_MSGSEND = YES;
				ENABLE_TESTABILITY = YES;
				ENABLE_USER_SCRIPT_SANDBOXING = YES;
				GCC_C_LANGUAGE_STANDARD = gnu17;
				GCC_DYNAMIC_NO_PIC = NO;
				GCC_NO_COMMON_BLOCKS = YES;
				GCC_OPTIMIZATION_LEVEL = 0;
				GCC_PREPROCESSOR_DEFINITIONS = (
					"DEBUG=1",
					"$(inherited)",
				);
				GCC_WARN_64_TO_32_BIT_CONVERSION = YES;
				GCC_WARN_ABOUT_RETURN_TYPE = YES_ERROR;
				GCC_WARN_UNDECLARED_SELECTOR = YES;
				GCC_WARN_UNINITIALIZED_AUTOS = YES_AGGRESSIVE;
				GCC_WARN_UNUSED_FUNCTION = YES;
				GCC_WARN_UNUSED_VARIABLE = YES;
				LOCALIZATION_PREFERS_STRING_CATALOGS = YES;
				MACOSX_DEPLOYMENT_TARGET = 14.0;
				MTL_ENABLE_DEBUG_INFO = INCLUDE_SOURCE;
				MTL_FAST_MATH = YES;
				ONLY_ACTIVE_ARCH = YES;
				SDKROOT = macosx;
				SWIFT_ACTIVE_COMPILATION_CONDITIONS = "DEBUG $(inherited)";
				SWIFT_OPTIMIZATION_LEVEL = "-Onone";
			};
			name = Debug;
		};
		AB433D422EEF722500534A32 /* Release */ = {
			isa = XCBuildConfiguration;
			buildSettings = {
				ALWAYS_SEARCH_USER_PATHS = NO;
				ASSETCATALOG_COMPILER_GENERATE_SWIFT_ASSET_SYMBOL_EXTENSIONS = YES;
				CLANG_ANALYZER_NONNULL = YES;
				CLANG_ANALYZER_NUMBER_OBJECT_CONVERSION = YES_AGGRESSIVE;
				CLANG_CXX_LANGUAGE_STANDARD = "gnu++20";
				CLANG_ENABLE_MODULES = YES;
				CLANG_ENABLE_OBJC_ARC = YES;
				CLANG_ENABLE_OBJC_WEAK = YES;
				CLANG_WARN_BLOCK_CAPTURE_AUTORELEASING = YES;
				CLANG_WARN_BOOL_CONVERSION = YES;
				CLANG_WARN_COMMA = YES;
				CLANG_WARN_CONSTANT_CONVERSION = YES;
				CLANG_WARN_DEPRECATED_OBJC_IMPLEMENTATIONS = YES;
				CLANG_WARN_DIRECT_OBJC_ISA_USAGE = YES_ERROR;
				CLANG_WARN_DOCUMENTATION_COMMENTS = YES;
				CLANG_WARN_EMPTY_BODY = YES;
				CLANG_WARN_ENUM_CONVERSION = YES;
				CLANG_WARN_INFINITE_RECURSION = YES;
				CLANG_WARN_INT_CONVERSION = YES;
				CLANG_WARN_NON_LITERAL_NULL_CONVERSION = YES;
				CLANG_WARN_OBJC_IMPLICIT_RETAIN_SELF = YES;
				CLANG_WARN_OBJC_LITERAL_CONVERSION = YES;
				CLANG_WARN_OBJC_ROOT_CLASS = YES_ERROR;
				CLANG_WARN_QUOTED_INCLUDE_IN_FRAMEWORK_HEADER = YES;
				CLANG_WARN_RANGE_LOOP_ANALYSIS = YES;
				CLANG_WARN_STRICT_PROTOTYPES = YES;
				CLANG_WARN_SUSPICIOUS_MOVE = YES;
				CLANG_WARN_UNGUARDED_AVAILABILITY = YES_AGGRESSIVE;
				CLANG_WARN_UNREACHABLE_CODE = YES;
				CLANG_WARN__DUPLICATE_METHOD_MATCH = YES;
				COPY_PHASE_STRIP = NO;
				DEBUG_INFORMATION_FORMAT = "dwarf-with-dsym";
				DEVELOPMENT_TEAM = DTR8DL89SD;
				ENABLE_NS_ASSERTIONS = NO;
				ENABLE_STRICT_OBJC_MSGSEND = YES;
				ENABLE_USER_SCRIPT_SANDBOXING = YES;
				GCC_C_LANGUAGE_STANDARD = gnu17;
				GCC_NO_COMMON_BLOCKS = YES;
				GCC_WARN_64_TO_32_BIT_CONVERSION = YES;
				GCC_WARN_ABOUT_RETURN_TYPE = YES_ERROR;
				GCC_WARN_UNDECLARED_SELECTOR = YES;
				GCC_WARN_UNINITIALIZED_AUTOS = YES_AGGRESSIVE;
				GCC_WARN_UNUSED_FUNCTION = YES;
				GCC_WARN_UNUSED_VARIABLE = YES;
				LOCALIZATION_PREFERS_STRING_CATALOGS = YES;
				MACOSX_DEPLOYMENT_TARGET = 14.0;
				MTL_ENABLE_DEBUG_INFO = NO;
				MTL_FAST_MATH = YES;
				SDKROOT = macosx;
				SWIFT_COMPILATION_MODE = wholemodule;
			};
			name = Release;
		};
		AB433D442EEF722500534A32 /* Debug */ = {
			isa = XCBuildConfiguration;
			buildSettings = {
				ASSETCATALOG_COMPILER_APPICON_NAME = AppIcon;
				ASSETCATALOG_COMPILER_GLOBAL_ACCENT_COLOR_NAME = AccentColor;
				CODE_SIGN_ENTITLEMENTS = rawctl/rawctl.entitlements;
				CODE_SIGN_STYLE = Automatic;
				COMBINE_HIDPI_IMAGES = YES;
				CURRENT_PROJECT_VERSION = 3;
				DEVELOPMENT_TEAM = DTR8DL89SD;
				ENABLE_HARDENED_RUNTIME = YES;
				ENABLE_PREVIEWS = YES;
				GENERATE_INFOPLIST_FILE = YES;
					INFOPLIST_FILE = Info.plist;
				INFOPLIST_KEY_CFBundleDisplayName = RawCTL;
				INFOPLIST_KEY_LSApplicationCategoryType = "public.app-category.photography";
				INFOPLIST_KEY_NSHumanReadableCopyright = "";
				LD_RUNPATH_SEARCH_PATHS = (
					"$(inherited)",
					"@executable_path/../Frameworks",
				);
				MARKETING_VERSION = 1.4.0;
				PRODUCT_BUNDLE_IDENTIFIER = Shacoworkshop.rawctl;
				PRODUCT_NAME = "$(TARGET_NAME)";
				REGISTER_APP_GROUPS = YES;
				SWIFT_EMIT_LOC_STRINGS = YES;
				SWIFT_VERSION = 5.0;
			};
			name = Debug;
		};
		AB433D452EEF722500534A32 /* Release */ = {
			isa = XCBuildConfiguration;
			buildSettings = {
				ASSETCATALOG_COMPILER_APPICON_NAME = AppIcon;
				ASSETCATALOG_COMPILER_GLOBAL_ACCENT_COLOR_NAME = AccentColor;
				CODE_SIGN_ENTITLEMENTS = rawctl/rawctl.entitlements;
				CODE_SIGN_STYLE = Automatic;
				COMBINE_HIDPI_IMAGES = YES;
				CURRENT_PROJECT_VERSION = 3;
				DEVELOPMENT_TEAM = DTR8DL89SD;
				ENABLE_HARDENED_RUNTIME = YES;
				ENABLE_PREVIEWS = YES;
				GENERATE_INFOPLIST_FILE = YES;
					INFOPLIST_FILE = Info.plist;
				INFOPLIST_KEY_CFBundleDisplayName = RawCTL;
				INFOPLIST_KEY_LSApplicationCategoryType = "public.app-category.photography";
				INFOPLIST_KEY_NSHumanReadableCopyright = "";
				LD_RUNPATH_SEARCH_PATHS = (
					"$(inherited)",
					"@executable_path/../Frameworks",
				);
				MARKETING_VERSION = 1.4.0;
				PRODUCT_BUNDLE_IDENTIFIER = Shacoworkshop.rawctl;
				PRODUCT_NAME = "$(TARGET_NAME)";
				REGISTER_APP_GROUPS = YES;
				SWIFT_EMIT_LOC_STRINGS = YES;
				SWIFT_VERSION = 5.0;
			};
			name = Release;
		};
		AB433D472EEF722500534A32 /* Debug */ = {
			isa = XCBuildConfiguration;
			buildSettings = {
				BUNDLE_LOADER = "$(TEST_HOST)";
				CODE_SIGN_STYLE = Automatic;
				CURRENT_PROJECT_VERSION = 3;
				DEVELOPMENT_TEAM = DTR8DL89SD;
				GENERATE_INFOPLIST_FILE = YES;
				MACOSX_DEPLOYMENT_TARGET = 14.0;
				MARKETING_VERSION = 1.4.0;
				PRODUCT_BUNDLE_IDENTIFIER = Shacoworkshop.rawctlTests;
				PRODUCT_NAME = "$(TARGET_NAME)";
				SWIFT_EMIT_LOC_STRINGS = NO;
				SWIFT_VERSION = 5.0;
				TEST_HOST = "$(BUILT_PRODUCTS_DIR)/rawctl.app/$(BUNDLE_EXECUTABLE_FOLDER_PATH)/rawctl";
			};
			name = Debug;
		};
		AB433D482EEF722500534A32 /* Release */ = {
			isa = XCBuildConfiguration;
			buildSettings = {
				BUNDLE_LOADER = "$(TEST_HOST)";
				CODE_SIGN_STYLE = Automatic;
				CURRENT_PROJECT_VERSION = 3;
				DEVELOPMENT_TEAM = DTR8DL89SD;
				GENERATE_INFOPLIST_FILE = YES;
				MACOSX_DEPLOYMENT_TARGET = 14.0;
				MARKETING_VERSION = 1.4.0;
				PRODUCT_BUNDLE_IDENTIFIER = Shacoworkshop.rawctlTests;
				PRODUCT_NAME = "$(TARGET_NAME)";
				SWIFT_EMIT_LOC_STRINGS = NO;
				SWIFT_VERSION = 5.0;
				TEST_HOST = "$(BUILT_PRODUCTS_DIR)/rawctl.app/$(BUNDLE_EXECUTABLE_FOLDER_PATH)/rawctl";
			};
			name = Release;
		};
		AB433D4A2EEF722500534A32 /* Debug */ = {
			isa = XCBuildConfiguration;
			buildSettings = {
				CODE_SIGN_STYLE = Automatic;
				CURRENT_PROJECT_VERSION = 3;
				DEVELOPMENT_TEAM = DTR8DL89SD;
				GENERATE_INFOPLIST_FILE = YES;
				MARKETING_VERSION = 1.4.0;
				PRODUCT_BUNDLE_IDENTIFIER = Shacoworkshop.rawctlUITests;
				PRODUCT_NAME = "$(TARGET_NAME)";
				SWIFT_EMIT_LOC_STRINGS = NO;
				SWIFT_VERSION = 5.0;
				TEST_TARGET_NAME = rawctl;
			};
			name = Debug;
		};
		AB433D4B2EEF722500534A32 /* Release */ = {
			isa = XCBuildConfiguration;
			buildSettings = {
				CODE_SIGN_STYLE = Automatic;
				CURRENT_PROJECT_VERSION = 3;
				DEVELOPMENT_TEAM = DTR8DL89SD;
				GENERATE_INFOPLIST_FILE = YES;
				MARKETING_VERSION = 1.4.0;
				PRODUCT_BUNDLE_IDENTIFIER = Shacoworkshop.rawctlUITests;
				PRODUCT_NAME = "$(TARGET_NAME)";
				SWIFT_EMIT_LOC_STRINGS = NO;
				SWIFT_VERSION = 5.0;
				TEST_TARGET_NAME = rawctl;
			};
			name = Release;
		};
/* End XCBuildConfiguration section */

/* Begin XCConfigurationList section */
		AB433D172EEF722400534A32 /* Build configuration list for PBXProject "rawctl" */ = {
			isa = XCConfigurationList;
			buildConfigurations = (
				AB433D412EEF722500534A32 /* Debug */,
				AB433D422EEF722500534A32 /* Release */,
			);
			defaultConfigurationIsVisible = 0;
			defaultConfigurationName = Release;
		};
		AB433D432EEF722500534A32 /* Build configuration list for PBXNativeTarget "rawctl" */ = {
			isa = XCConfigurationList;
			buildConfigurations = (
				AB433D442EEF722500534A32 /* Debug */,
				AB433D452EEF722500534A32 /* Release */,
			);
			defaultConfigurationIsVisible = 0;
			defaultConfigurationName = Release;
		};
		AB433D462EEF722500534A32 /* Build configuration list for PBXNativeTarget "rawctlTests" */ = {
			isa = XCConfigurationList;
			buildConfigurations = (
				AB433D472EEF722500534A32 /* Debug */,
				AB433D482EEF722500534A32 /* Release */,
			);
			defaultConfigurationIsVisible = 0;
			defaultConfigurationName = Release;
		};
		AB433D492EEF722500534A32 /* Build configuration list for PBXNativeTarget "rawctlUITests" */ = {
			isa = XCConfigurationList;
			buildConfigurations = (
				AB433D4A2EEF722500534A32 /* Debug */,
				AB433D4B2EEF722500534A32 /* Release */,
			);
			defaultConfigurationIsVisible = 0;
			defaultConfigurationName = Release;
		};
/* End XCConfigurationList section */

/* Begin XCRemoteSwiftPackageReference section */
		ABAECF862F0DBF4900DDD4E2 /* XCRemoteSwiftPackageReference "Sparkle" */ = {
			isa = XCRemoteSwiftPackageReference;
			repositoryURL = "https://github.com/sparkle-project/Sparkle";
			requirement = {
				kind = upToNextMajorVersion;
				minimumVersion = 2.8.1;
			};
		};
		ABAECF892F0FBD0700DDD4E2 /* XCRemoteSwiftPackageReference "GoogleSignIn-iOS" */ = {
			isa = XCRemoteSwiftPackageReference;
			repositoryURL = "https://github.com/google/GoogleSignIn-iOS";
			requirement = {
				kind = upToNextMajorVersion;
				minimumVersion = 9.1.0;
			};
		};
/* End XCRemoteSwiftPackageReference section */

/* Begin XCSwiftPackageProductDependency section */
		ABAECF872F0DBF4900DDD4E2 /* Sparkle */ = {
			isa = XCSwiftPackageProductDependency;
			package = ABAECF862F0DBF4900DDD4E2 /* XCRemoteSwiftPackageReference "Sparkle" */;
			productName = Sparkle;
		};
		ABAECF8A2F0FBD0700DDD4E2 /* GoogleSignIn */ = {
			isa = XCSwiftPackageProductDependency;
			package = ABAECF892F0FBD0700DDD4E2 /* XCRemoteSwiftPackageReference "GoogleSignIn-iOS" */;
			productName = GoogleSignIn;
		};
		ABAECF8C2F0FBD0700DDD4E2 /* GoogleSignInSwift */ = {
			isa = XCSwiftPackageProductDependency;
			package = ABAECF892F0FBD0700DDD4E2 /* XCRemoteSwiftPackageReference "GoogleSignIn-iOS" */;
			productName = GoogleSignInSwift;
		};
/* End XCSwiftPackageProductDependency section */
	};
	rootObject = AB433D142EEF722400534A32 /* Project object */;
}
